PATH
  remote: .
  specs:
    micrograd (0.1.0)
      ruby-graphviz

GEM
  remote: https://rubygems.org/
  specs:
    cgi (0.5.1)
    date (3.5.1)
    erb (4.0.4)
      cgi (>= 0.3.3)
    io-console (0.8.2)
    irb (1.16.0)
      pp (>= 0.6.0)
      rdoc (>= 4.0.0)
      reline (>= 0.4.2)
    minitest (5.27.0)
    pp (0.6.3)
      prettyprint
    prettyprint (0.2.0)
    psych (5.3.1)
      date
      stringio
    rake (13.2.1)
    rdoc (7.1.0)
      erb
      psych (>= 4.0.0)
      tsort
    reline (0.6.3)
      io-console (~> 0.5)
    rexml (3.4.0)
    ruby-graphviz (1.2.5)
      rexml
    stringio (3.2.0)
    tsort (0.2.0)

PLATFORMS
  arm64-darwin-23
  ruby

DEPENDENCIES
  irb
  micrograd!
  minitest (~> 5.16)
  rake (~> 13.0)

BUNDLED WITH
   2.6.9
